
Microsoft Visual Studio Solution File, Format Version 12.00
# Visual Studio Version 17
VisualStudioVersion = 17.14.36518.9
MinimumVisualStudioVersion = 10.0.40219.1
Project("{FAE04EC0-301F-11D3-BF4B-00C04F79EFBC}") = "EC.Library", "EC.Library\EC.Library.csproj", "{CAF19230-FBA5-474A-8B0B-A2F9263B44EC}"
EndProject
Project("{FAE04EC0-301F-11D3-BF4B-00C04F79EFBC}") = "EC.CLI", "EC.CLI\EC.CLI.csproj", "{C38974E7-EDD7-4CA6-872D-AE8A800A183C}"
EndProject
Project("{FAE04EC0-301F-11D3-BF4B-00C04F79EFBC}") = "EC.Library.Tests", "EC.Library.Tests\EC.Library.Tests.csproj", "{E5837A82-BF2E-7DC1-3457-FB6F41A13736}"
EndProject
Project("{2150E333-8FDC-42A3-9474-1A3956D46DE8}") = "Solution Items", "Solution Items", "{8EC462FD-D22E-90A8-E5CE-7E832BA40C5D}"
	ProjectSection(SolutionItems) = preProject
		.gitignore = .gitignore
		.github\workflows\dotnet.yml = .github\workflows\dotnet.yml
		README.md = README.md
	EndProjectSection
EndProject
Project("{FAE04EC0-301F-11D3-BF4B-00C04F79EFBC}") = "EC.CLI.Tests", "EC.CLI.Tests\EC.CLI.Tests.csproj", "{4DDBBEBB-AFAD-D868-4F4B-F248F9F12B75}"
EndProject
Project("{2150E333-8FDC-42A3-9474-1A3956D46DE8}") = "tests", "tests", "{02EA681E-C7D8-13C7-8484-4AC65E1B71E8}"
EndProject
Project("{2150E333-8FDC-42A3-9474-1A3956D46DE8}") = "src", "src", "{00652DA6-CC25-4918-9B8C-BB5186B14579}"
EndProject
Project("{FAE04EC0-301F-11D3-BF4B-00C04F79EFBC}") = "EC.GUI", "EC.GUI\EC.GUI.csproj", "{D8E9D639-8732-4C3F-A446-2A14D4CEBD6E}"
EndProject
Global
	GlobalSection(SolutionConfigurationPlatforms) = preSolution
		Debug|Any CPU = Debug|Any CPU
		Release|Any CPU = Release|Any CPU
	EndGlobalSection
	GlobalSection(ProjectConfigurationPlatforms) = postSolution
		{CAF19230-FBA5-474A-8B0B-A2F9263B44EC}.Debug|Any CPU.ActiveCfg = Debug|Any CPU
		{CAF19230-FBA5-474A-8B0B-A2F9263B44EC}.Debug|Any CPU.Build.0 = Debug|Any CPU
		{CAF19230-FBA5-474A-8B0B-A2F9263B44EC}.Release|Any CPU.ActiveCfg = Release|Any CPU
		{CAF19230-FBA5-474A-8B0B-A2F9263B44EC}.Release|Any CPU.Build.0 = Release|Any CPU
		{C38974E7-EDD7-4CA6-872D-AE8A800A183C}.Debug|Any CPU.ActiveCfg = Debug|Any CPU
		{C38974E7-EDD7-4CA6-872D-AE8A800A183C}.Debug|Any CPU.Build.0 = Debug|Any CPU
		{C38974E7-EDD7-4CA6-872D-AE8A800A183C}.Release|Any CPU.ActiveCfg = Release|Any CPU
		{C38974E7-EDD7-4CA6-872D-AE8A800A183C}.Release|Any CPU.Build.0 = Release|Any CPU
		{E5837A82-BF2E-7DC1-3457-FB6F41A13736}.Debug|Any CPU.ActiveCfg = Debug|Any CPU
		{E5837A82-BF2E-7DC1-3457-FB6F41A13736}.Debug|Any CPU.Build.0 = Debug|Any CPU
		{E5837A82-BF2E-7DC1-3457-FB6F41A13736}.Release|Any CPU.ActiveCfg = Release|Any CPU
		{E5837A82-BF2E-7DC1-3457-FB6F41A13736}.Release|Any CPU.Build.0 = Release|Any CPU
		{4DDBBEBB-AFAD-D868-4F4B-F248F9F12B75}.Debug|Any CPU.ActiveCfg = Debug|Any CPU
		{4DDBBEBB-AFAD-D868-4F4B-F248F9F12B75}.Debug|Any CPU.Build.0 = Debug|Any CPU
		{4DDBBEBB-AFAD-D868-4F4B-F248F9F12B75}.Release|Any CPU.ActiveCfg = Release|Any CPU
		{4DDBBEBB-AFAD-D868-4F4B-F248F9F12B75}.Release|Any CPU.Build.0 = Release|Any CPU
		{D8E9D639-8732-4C3F-A446-2A14D4CEBD6E}.Debug|Any CPU.ActiveCfg = Debug|Any CPU
		{D8E9D639-8732-4C3F-A446-2A14D4CEBD6E}.Debug|Any CPU.Build.0 = Debug|Any CPU
		{D8E9D639-8732-4C3F-A446-2A14D4CEBD6E}.Release|Any CPU.ActiveCfg = Release|Any CPU
		{D8E9D639-8732-4C3F-A446-2A14D4CEBD6E}.Release|Any CPU.Build.0 = Release|Any CPU
	EndGlobalSection
	GlobalSection(SolutionProperties) = preSolution
		HideSolutionNode = FALSE
	EndGlobalSection
	GlobalSection(NestedProjects) = preSolution
		{CAF19230-FBA5-474A-8B0B-A2F9263B44EC} = {00652DA6-CC25-4918-9B8C-BB5186B14579}
		{C38974E7-EDD7-4CA6-872D-AE8A800A183C} = {00652DA6-CC25-4918-9B8C-BB5186B14579}
		{E5837A82-BF2E-7DC1-3457-FB6F41A13736} = {02EA681E-C7D8-13C7-8484-4AC65E1B71E8}
		{4DDBBEBB-AFAD-D868-4F4B-F248F9F12B75} = {02EA681E-C7D8-13C7-8484-4AC65E1B71E8}
		{D8E9D639-8732-4C3F-A446-2A14D4CEBD6E} = {00652DA6-CC25-4918-9B8C-BB5186B14579}
	EndGlobalSection
	GlobalSection(ExtensibilityGlobals) = postSolution
		SolutionGuid = {06CE5539-4DF4-4F7C-B22D-19F5E0B8C05A}
	EndGlobalSection
EndGlobal
